
Microsoft Visual Studio Solution File, Format Version 12.00
# Visual Studio Version 17
VisualStudioVersion = 17.14.36717.8 d17.14
MinimumVisualStudioVersion = 10.0.40219.1
Project("{C9674DCB-5085-4A16-B785-4C70DD1589BD}") = "task 7_SSIS_population", "task 7_SSIS_population\task 7_SSIS_population.dtproj", "{D068D25A-DECD-0D2C-1DCB-EE38254378B4}"
EndProject
Global
	GlobalSection(SolutionConfigurationPlatforms) = preSolution
		Development|Default = Development|Default
	EndGlobalSection
	GlobalSection(ProjectConfigurationPlatforms) = postSolution
		{D068D25A-DECD-0D2C-1DCB-EE38254378B4}.Development|Default.ActiveCfg = Development
		{D068D25A-DECD-0D2C-1DCB-EE38254378B4}.Development|Default.Build.0 = Development
	EndGlobalSection
	GlobalSection(SolutionProperties) = preSolution
		HideSolutionNode = FALSE
	EndGlobalSection
	GlobalSection(ExtensibilityGlobals) = postSolution
		SolutionGuid = {EF069061-32EC-4D3B-AB12-4668660BFA60}
	EndGlobalSection
EndGlobal
